github.com/0xAX/notificator v0.0.0-20220220101646-ee9b8921e557 h1:l6surSnJ3RP4qA1qmKJ+hQn3UjytosdoG27WGjrDlVs=
github.com/0xAX/notificator v0.0.0-20220220101646-ee9b8921e557/go.mod h1:sTrmvD/TxuypdOERsDOS7SndZg0rzzcCi1b6wQMXUYM=
github.com/clipperhouse/uax29/v2 v2.2.0 h1:ChwIKnQN3kcZteTXMgb1wztSgaU+ZemkgWdohwgs8tY=
github.com/clipperhouse/uax29/v2 v2.2.0/go.mod h1:EFJ2TJMRUaplDxHKj1qAEhCtQPW2tJSwu5BF98AuoVM=
github.com/guillaumebreton/termbox-go v1.1.3-gone.1 h1:ecUTokQaDQJGyF63ZS+ej1yP8gGv4OADZ72tLN4J3tg=
github.com/guillaumebreton/termbox-go v1.1.3-gone.1/go.mod h1:QBOJhEaDRsqKnASxgipRD/BLoajH0RWUp+NSwD95f3c=
github.com/mattn/go-runewidth v0.0.19 h1:v++JhqYnZuu5jSKrk9RbgF5v4CGUjqRfBm05byFGLdw=
github.com/mattn/go-runewidth v0.0.19/go.mod h1:XBkDxAl56ILZc9knddidhrOlY5R/pDhgLpndooCuJAs=
golang.org/x/sys v0.44.0 h1:ildZl3J4uzeKP07r2F++Op7E9B29JRUy+a27EibtBTQ=
golang.org/x/sys v0.44.0/go.mod h1:4GL1E5IUh+htKOUEOaiffhrAeqysfVGipDYzABqnCmw=
